
Microsoft Visual Studio Solution File, Format Version 12.00
# Visual Studio Version 17
VisualStudioVersion = 17.8.34316.72
MinimumVisualStudioVersion = 10.0.40219.1
Project("{9A19103F-16F7-4668-BE54-9A1E7A4F7556}") = "WebApp", "WebApp\WebApp\WebApp.csproj", "{5315E689-538E-45DE-9685-41F7930D1C4E}"
EndProject
Project("{9A19103F-16F7-4668-BE54-9A1E7A4F7556}") = "WebApp.Client", "WebApp\WebApp.Client\WebApp.Client.csproj", "{5609A063-350D-46B6-9365-03CD75B68390}"
EndProject
Global
	GlobalSection(SolutionConfigurationPlatforms) = preSolution
		Debug|Any CPU = Debug|Any CPU
		Release|Any CPU = Release|Any CPU
	EndGlobalSection
	GlobalSection(ProjectConfigurationPlatforms) = postSolution
		{5315E689-538E-45DE-9685-41F7930D1C4E}.Debug|Any CPU.ActiveCfg = Debug|Any CPU
		{5315E689-538E-45DE-9685-41F7930D1C4E}.Debug|Any CPU.Build.0 = Debug|Any CPU
		{5315E689-538E-45DE-9685-41F7930D1C4E}.Release|Any CPU.ActiveCfg = Release|Any CPU
		{5315E689-538E-45DE-9685-41F7930D1C4E}.Release|Any CPU.Build.0 = Release|Any CPU
		{5609A063-350D-46B6-9365-03CD75B68390}.Debug|Any CPU.ActiveCfg = Debug|Any CPU
		{5609A063-350D-46B6-9365-03CD75B68390}.Debug|Any CPU.Build.0 = Debug|Any CPU
		{5609A063-350D-46B6-9365-03CD75B68390}.Release|Any CPU.ActiveCfg = Release|Any CPU
		{5609A063-350D-46B6-9365-03CD75B68390}.Release|Any CPU.Build.0 = Release|Any CPU
	EndGlobalSection
	GlobalSection(SolutionProperties) = preSolution
		HideSolutionNode = FALSE
	EndGlobalSection
	GlobalSection(ExtensibilityGlobals) = postSolution
		SolutionGuid = {1AFD1D96-85E9-4F51-A2B1-2457F05A9A77}
	EndGlobalSection
EndGlobal
